<Solution>
  <Folder Name="/legacy/">
    <Project Path="legacy/Configuration/Configuration.csproj" />
    <Project Path="legacy/Hosting/Hosting.csproj" />
    <Project Path="legacy/WebHostPatch/WebHostPatch.csproj" />
  </Folder>
  <Folder Name="/legacy/Microsoft.Extensions.Primitives.Patch/" />
  <Folder Name="/legacy/Microsoft.Extensions.Primitives.Patch/src/">
    <Project Path="legacy/Microsoft.Extensions.Primitives.Patch/src/Microsoft.Extensions.Primitives.Patch.csproj" />
  </Folder>
  <Project Path="Legacy.Tests/Legacy.Tests.csproj" />
  <Project Path="Mauime.Configuration/Mauime.Configuration.csproj" />
  <Project Path="Mauime.Hosting/Mauime.Hosting.csproj" />
  <Project Path="Mauime.Nfc/Mauime.Nfc.csproj" />
  <Project Path="Mauime.Tests/Mauime.Tests.csproj" />
  <Project Path="Mauime.WebHostPatch/Mauime.WebHostPatch.csproj" />
</Solution>
